{
    "_meta": {
        "hash": {
            "sha256": "ec49c51525d4bbdddcb12c4017df7468695029fbe8875fc998d4cdc4d91e19d4"
        },
        "pipfile-spec": 6,
        "requires": {
            "python_version": "3.12"
        },
        "sources": [
            {
                "name": "pypi",
                "url": "https://pypi.org/simple",
                "verify_ssl": true
            }
        ]
    },
    "default": {
        "marshmallow": {
            "hashes": [
                "sha256:a2052f62b18f6dad520f465e437f63ab8812423975d48b9ebd30a735466e782a",
                "sha256:e1b79eb3b815b49918c64114dda691b8767b48a1f66dd1d8c0cd5842b74257c2"
            ],
            "index": "pypi",
            "version": "==2.16.3"
        }
    },
    "develop": {}
}
